
Microsoft Visual Studio Solution File, Format Version 12.00
# Visual Studio Version 16
VisualStudioVersion = 16.0.30128.74
MinimumVisualStudioVersion = 10.0.40219.1
Project("{9A19103F-16F7-4668-BE54-9A1E7A4F7556}") = "Bombs", "Bombs\Bombs.csproj", "{DC4FE200-80B3-4212-BF90-9D0FEDB77CAB}"
EndProject
Project("{9A19103F-16F7-4668-BE54-9A1E7A4F7556}") = "Snake", "Snake\Snake.csproj", "{100B563C-F2DB-4109-BCE9-6053B04DA6B5}"
EndProject
Project("{9A19103F-16F7-4668-BE54-9A1E7A4F7556}") = "Parking", "Parking\Parking.csproj", "{4218CD91-DE6B-4F23-A9B7-D58C4B02FBB9}"
EndProject
Global
	GlobalSection(SolutionConfigurationPlatforms) = preSolution
		Debug|Any CPU = Debug|Any CPU
		Release|Any CPU = Release|Any CPU
	EndGlobalSection
	GlobalSection(ProjectConfigurationPlatforms) = postSolution
		{DC4FE200-80B3-4212-BF90-9D0FEDB77CAB}.Debug|Any CPU.ActiveCfg = Debug|Any CPU
		{DC4FE200-80B3-4212-BF90-9D0FEDB77CAB}.Debug|Any CPU.Build.0 = Debug|Any CPU
		{DC4FE200-80B3-4212-BF90-9D0FEDB77CAB}.Release|Any CPU.ActiveCfg = Release|Any CPU
		{DC4FE200-80B3-4212-BF90-9D0FEDB77CAB}.Release|Any CPU.Build.0 = Release|Any CPU
		{100B563C-F2DB-4109-BCE9-6053B04DA6B5}.Debug|Any CPU.ActiveCfg = Debug|Any CPU
		{100B563C-F2DB-4109-BCE9-6053B04DA6B5}.Debug|Any CPU.Build.0 = Debug|Any CPU
		{100B563C-F2DB-4109-BCE9-6053B04DA6B5}.Release|Any CPU.ActiveCfg = Release|Any CPU
		{100B563C-F2DB-4109-BCE9-6053B04DA6B5}.Release|Any CPU.Build.0 = Release|Any CPU
		{4218CD91-DE6B-4F23-A9B7-D58C4B02FBB9}.Debug|Any CPU.ActiveCfg = Debug|Any CPU
		{4218CD91-DE6B-4F23-A9B7-D58C4B02FBB9}.Debug|Any CPU.Build.0 = Debug|Any CPU
		{4218CD91-DE6B-4F23-A9B7-D58C4B02FBB9}.Release|Any CPU.ActiveCfg = Release|Any CPU
		{4218CD91-DE6B-4F23-A9B7-D58C4B02FBB9}.Release|Any CPU.Build.0 = Release|Any CPU
	EndGlobalSection
	GlobalSection(SolutionProperties) = preSolution
		HideSolutionNode = FALSE
	EndGlobalSection
	GlobalSection(ExtensibilityGlobals) = postSolution
		SolutionGuid = {EA6C9C04-18A6-4B69-B013-7A3E4659398C}
	EndGlobalSection
EndGlobal
