
Microsoft Visual Studio Solution File, Format Version 12.00
# Visual Studio Version 16
VisualStudioVersion = 16.0.30128.74
MinimumVisualStudioVersion = 10.0.40219.1
Project("{FAE04EC0-301F-11D3-BF4B-00C04F79EFBC}") = "IteratorsAndComparators", "IteratorsAndComparators\IteratorsAndComparators.csproj", "{0EC97E0D-8304-4BA8-B8FB-A58E6EB4BDDF}"
EndProject
Global
	GlobalSection(SolutionConfigurationPlatforms) = preSolution
		Debug|Any CPU = Debug|Any CPU
		Release|Any CPU = Release|Any CPU
	EndGlobalSection
	GlobalSection(ProjectConfigurationPlatforms) = postSolution
		{0EC97E0D-8304-4BA8-B8FB-A58E6EB4BDDF}.Debug|Any CPU.ActiveCfg = Debug|Any CPU
		{0EC97E0D-8304-4BA8-B8FB-A58E6EB4BDDF}.Debug|Any CPU.Build.0 = Debug|Any CPU
		{0EC97E0D-8304-4BA8-B8FB-A58E6EB4BDDF}.Release|Any CPU.ActiveCfg = Release|Any CPU
		{0EC97E0D-8304-4BA8-B8FB-A58E6EB4BDDF}.Release|Any CPU.Build.0 = Release|Any CPU
	EndGlobalSection
	GlobalSection(SolutionProperties) = preSolution
		HideSolutionNode = FALSE
	EndGlobalSection
	GlobalSection(ExtensibilityGlobals) = postSolution
		SolutionGuid = {6264798E-C3FD-4613-99F8-451E32662403}
	EndGlobalSection
EndGlobal
