
Microsoft Visual Studio Solution File, Format Version 12.00
# Visual Studio Version 16
VisualStudioVersion = 16.0.30128.74
MinimumVisualStudioVersion = 10.0.40219.1
Project("{9A19103F-16F7-4668-BE54-9A1E7A4F7556}") = "ClassBoxData", "ClassBoxData\ClassBoxData.csproj", "{2350FFB4-8DAC-4D9A-B9FC-143E9F7901BF}"
EndProject
Project("{9A19103F-16F7-4668-BE54-9A1E7A4F7556}") = "ShoppingSpree", "ShoppingSpree\ShoppingSpree.csproj", "{29BB01F9-8070-4FFC-B8DD-3AC45CBABC21}"
EndProject
Project("{FAE04EC0-301F-11D3-BF4B-00C04F79EFBC}") = "PizzaCalories", "PizzaCalories\PizzaCalories.csproj", "{1A1CC164-6874-4EE6-8614-220AD50F3BB6}"
EndProject
Global
	GlobalSection(SolutionConfigurationPlatforms) = preSolution
		Debug|Any CPU = Debug|Any CPU
		Release|Any CPU = Release|Any CPU
	EndGlobalSection
	GlobalSection(ProjectConfigurationPlatforms) = postSolution
		{2350FFB4-8DAC-4D9A-B9FC-143E9F7901BF}.Debug|Any CPU.ActiveCfg = Debug|Any CPU
		{2350FFB4-8DAC-4D9A-B9FC-143E9F7901BF}.Debug|Any CPU.Build.0 = Debug|Any CPU
		{2350FFB4-8DAC-4D9A-B9FC-143E9F7901BF}.Release|Any CPU.ActiveCfg = Release|Any CPU
		{2350FFB4-8DAC-4D9A-B9FC-143E9F7901BF}.Release|Any CPU.Build.0 = Release|Any CPU
		{29BB01F9-8070-4FFC-B8DD-3AC45CBABC21}.Debug|Any CPU.ActiveCfg = Debug|Any CPU
		{29BB01F9-8070-4FFC-B8DD-3AC45CBABC21}.Debug|Any CPU.Build.0 = Debug|Any CPU
		{29BB01F9-8070-4FFC-B8DD-3AC45CBABC21}.Release|Any CPU.ActiveCfg = Release|Any CPU
		{29BB01F9-8070-4FFC-B8DD-3AC45CBABC21}.Release|Any CPU.Build.0 = Release|Any CPU
		{1A1CC164-6874-4EE6-8614-220AD50F3BB6}.Debug|Any CPU.ActiveCfg = Debug|Any CPU
		{1A1CC164-6874-4EE6-8614-220AD50F3BB6}.Debug|Any CPU.Build.0 = Debug|Any CPU
		{1A1CC164-6874-4EE6-8614-220AD50F3BB6}.Release|Any CPU.ActiveCfg = Release|Any CPU
		{1A1CC164-6874-4EE6-8614-220AD50F3BB6}.Release|Any CPU.Build.0 = Release|Any CPU
	EndGlobalSection
	GlobalSection(SolutionProperties) = preSolution
		HideSolutionNode = FALSE
	EndGlobalSection
	GlobalSection(ExtensibilityGlobals) = postSolution
		SolutionGuid = {8850FBEC-090C-4F80-922E-1FDD6092357A}
	EndGlobalSection
EndGlobal
