
Microsoft Visual Studio Solution File, Format Version 12.00
# Visual Studio Version 16
VisualStudioVersion = 16.0.30128.74
MinimumVisualStudioVersion = 10.0.40219.1
Project("{9A19103F-16F7-4668-BE54-9A1E7A4F7556}") = "1. Action Print", "1. Action Print\1. Action Print.csproj", "{43BC945D-25C1-469B-856A-0069790112C7}"
EndProject
Project("{9A19103F-16F7-4668-BE54-9A1E7A4F7556}") = "2. Knights of Honor", "2. Knights of Honor\2. Knights of Honor.csproj", "{222A7F4C-B303-4B6E-8B1A-9F4F3A27801F}"
EndProject
Project("{9A19103F-16F7-4668-BE54-9A1E7A4F7556}") = "3. Custom Min Function", "3. Custom Min Function\3. Custom Min Function.csproj", "{96D14E62-597E-4B3E-8432-6AEF35DB9C60}"
EndProject
Project("{9A19103F-16F7-4668-BE54-9A1E7A4F7556}") = "4. Find Evens or Odds", "4. Find Evens or Odds\4. Find Evens or Odds.csproj", "{CA28031A-F918-4568-9ACE-D8F77A0F9A0E}"
EndProject
Project("{9A19103F-16F7-4668-BE54-9A1E7A4F7556}") = "5. Applied Arithmetics", "5. Applied Arithmetics\5. Applied Arithmetics.csproj", "{C38FF62B-10EC-4C04-A52E-24FD4C053D10}"
EndProject
Project("{9A19103F-16F7-4668-BE54-9A1E7A4F7556}") = "6. Reverse And Exclude", "6. Reverse And Exclude\6. Reverse And Exclude.csproj", "{7964D5BE-8E4F-4484-AC32-F9BECAC9FD72}"
EndProject
Project("{9A19103F-16F7-4668-BE54-9A1E7A4F7556}") = "7. Predicate For Names", "7. Predicate For Names\7. Predicate For Names.csproj", "{F647718A-3ADB-4A93-8ADB-9549635F4293}"
EndProject
Project("{FAE04EC0-301F-11D3-BF4B-00C04F79EFBC}") = "8. Custom Comparator", "8. Custom Comparator\8. Custom Comparator.csproj", "{B628F349-D2EE-402A-8AA2-7FE49EF32840}"
EndProject
Project("{FAE04EC0-301F-11D3-BF4B-00C04F79EFBC}") = "9. List Of Predicates", "9. List Of Predicates\9. List Of Predicates.csproj", "{ECAA1351-3A71-4FCB-8FE2-9819D96C2601}"
EndProject
Project("{FAE04EC0-301F-11D3-BF4B-00C04F79EFBC}") = "10. Predicate Party!", "10. Predicate Party!\10. Predicate Party!.csproj", "{F10B3FF1-4160-4FA9-9818-D2AB2A610927}"
EndProject
Project("{FAE04EC0-301F-11D3-BF4B-00C04F79EFBC}") = "11. The Party Reservation Filter Module", "11. The Party Reservation Filter Module\11. The Party Reservation Filter Module.csproj", "{4F9C1DEA-FAB0-4BF7-8D8C-7211C7BFB475}"
EndProject
Project("{FAE04EC0-301F-11D3-BF4B-00C04F79EFBC}") = "12. TriFunction", "12. TriFunction\12. TriFunction.csproj", "{BE278239-B9D8-49FB-8A52-A5ED38CA9D0F}"
EndProject
Global
	GlobalSection(SolutionConfigurationPlatforms) = preSolution
		Debug|Any CPU = Debug|Any CPU
		Release|Any CPU = Release|Any CPU
	EndGlobalSection
	GlobalSection(ProjectConfigurationPlatforms) = postSolution
		{43BC945D-25C1-469B-856A-0069790112C7}.Debug|Any CPU.ActiveCfg = Debug|Any CPU
		{43BC945D-25C1-469B-856A-0069790112C7}.Debug|Any CPU.Build.0 = Debug|Any CPU
		{43BC945D-25C1-469B-856A-0069790112C7}.Release|Any CPU.ActiveCfg = Release|Any CPU
		{43BC945D-25C1-469B-856A-0069790112C7}.Release|Any CPU.Build.0 = Release|Any CPU
		{222A7F4C-B303-4B6E-8B1A-9F4F3A27801F}.Debug|Any CPU.ActiveCfg = Debug|Any CPU
		{222A7F4C-B303-4B6E-8B1A-9F4F3A27801F}.Debug|Any CPU.Build.0 = Debug|Any CPU
		{222A7F4C-B303-4B6E-8B1A-9F4F3A27801F}.Release|Any CPU.ActiveCfg = Release|Any CPU
		{222A7F4C-B303-4B6E-8B1A-9F4F3A27801F}.Release|Any CPU.Build.0 = Release|Any CPU
		{96D14E62-597E-4B3E-8432-6AEF35DB9C60}.Debug|Any CPU.ActiveCfg = Debug|Any CPU
		{96D14E62-597E-4B3E-8432-6AEF35DB9C60}.Debug|Any CPU.Build.0 = Debug|Any CPU
		{96D14E62-597E-4B3E-8432-6AEF35DB9C60}.Release|Any CPU.ActiveCfg = Release|Any CPU
		{96D14E62-597E-4B3E-8432-6AEF35DB9C60}.Release|Any CPU.Build.0 = Release|Any CPU
		{CA28031A-F918-4568-9ACE-D8F77A0F9A0E}.Debug|Any CPU.ActiveCfg = Debug|Any CPU
		{CA28031A-F918-4568-9ACE-D8F77A0F9A0E}.Debug|Any CPU.Build.0 = Debug|Any CPU
		{CA28031A-F918-4568-9ACE-D8F77A0F9A0E}.Release|Any CPU.ActiveCfg = Release|Any CPU
		{CA28031A-F918-4568-9ACE-D8F77A0F9A0E}.Release|Any CPU.Build.0 = Release|Any CPU
		{C38FF62B-10EC-4C04-A52E-24FD4C053D10}.Debug|Any CPU.ActiveCfg = Debug|Any CPU
		{C38FF62B-10EC-4C04-A52E-24FD4C053D10}.Debug|Any CPU.Build.0 = Debug|Any CPU
		{C38FF62B-10EC-4C04-A52E-24FD4C053D10}.Release|Any CPU.ActiveCfg = Release|Any CPU
		{C38FF62B-10EC-4C04-A52E-24FD4C053D10}.Release|Any CPU.Build.0 = Release|Any CPU
		{7964D5BE-8E4F-4484-AC32-F9BECAC9FD72}.Debug|Any CPU.ActiveCfg = Debug|Any CPU
		{7964D5BE-8E4F-4484-AC32-F9BECAC9FD72}.Debug|Any CPU.Build.0 = Debug|Any CPU
		{7964D5BE-8E4F-4484-AC32-F9BECAC9FD72}.Release|Any CPU.ActiveCfg = Release|Any CPU
		{7964D5BE-8E4F-4484-AC32-F9BECAC9FD72}.Release|Any CPU.Build.0 = Release|Any CPU
		{F647718A-3ADB-4A93-8ADB-9549635F4293}.Debug|Any CPU.ActiveCfg = Debug|Any CPU
		{F647718A-3ADB-4A93-8ADB-9549635F4293}.Debug|Any CPU.Build.0 = Debug|Any CPU
		{F647718A-3ADB-4A93-8ADB-9549635F4293}.Release|Any CPU.ActiveCfg = Release|Any CPU
		{F647718A-3ADB-4A93-8ADB-9549635F4293}.Release|Any CPU.Build.0 = Release|Any CPU
		{B628F349-D2EE-402A-8AA2-7FE49EF32840}.Debug|Any CPU.ActiveCfg = Debug|Any CPU
		{B628F349-D2EE-402A-8AA2-7FE49EF32840}.Debug|Any CPU.Build.0 = Debug|Any CPU
		{B628F349-D2EE-402A-8AA2-7FE49EF32840}.Release|Any CPU.ActiveCfg = Release|Any CPU
		{B628F349-D2EE-402A-8AA2-7FE49EF32840}.Release|Any CPU.Build.0 = Release|Any CPU
		{ECAA1351-3A71-4FCB-8FE2-9819D96C2601}.Debug|Any CPU.ActiveCfg = Debug|Any CPU
		{ECAA1351-3A71-4FCB-8FE2-9819D96C2601}.Debug|Any CPU.Build.0 = Debug|Any CPU
		{ECAA1351-3A71-4FCB-8FE2-9819D96C2601}.Release|Any CPU.ActiveCfg = Release|Any CPU
		{ECAA1351-3A71-4FCB-8FE2-9819D96C2601}.Release|Any CPU.Build.0 = Release|Any CPU
		{F10B3FF1-4160-4FA9-9818-D2AB2A610927}.Debug|Any CPU.ActiveCfg = Debug|Any CPU
		{F10B3FF1-4160-4FA9-9818-D2AB2A610927}.Debug|Any CPU.Build.0 = Debug|Any CPU
		{F10B3FF1-4160-4FA9-9818-D2AB2A610927}.Release|Any CPU.ActiveCfg = Release|Any CPU
		{F10B3FF1-4160-4FA9-9818-D2AB2A610927}.Release|Any CPU.Build.0 = Release|Any CPU
		{4F9C1DEA-FAB0-4BF7-8D8C-7211C7BFB475}.Debug|Any CPU.ActiveCfg = Debug|Any CPU
		{4F9C1DEA-FAB0-4BF7-8D8C-7211C7BFB475}.Debug|Any CPU.Build.0 = Debug|Any CPU
		{4F9C1DEA-FAB0-4BF7-8D8C-7211C7BFB475}.Release|Any CPU.ActiveCfg = Release|Any CPU
		{4F9C1DEA-FAB0-4BF7-8D8C-7211C7BFB475}.Release|Any CPU.Build.0 = Release|Any CPU
		{BE278239-B9D8-49FB-8A52-A5ED38CA9D0F}.Debug|Any CPU.ActiveCfg = Debug|Any CPU
		{BE278239-B9D8-49FB-8A52-A5ED38CA9D0F}.Debug|Any CPU.Build.0 = Debug|Any CPU
		{BE278239-B9D8-49FB-8A52-A5ED38CA9D0F}.Release|Any CPU.ActiveCfg = Release|Any CPU
		{BE278239-B9D8-49FB-8A52-A5ED38CA9D0F}.Release|Any CPU.Build.0 = Release|Any CPU
	EndGlobalSection
	GlobalSection(SolutionProperties) = preSolution
		HideSolutionNode = FALSE
	EndGlobalSection
	GlobalSection(ExtensibilityGlobals) = postSolution
		SolutionGuid = {0C0F7BAD-247E-4696-8505-97E1C0BF85CA}
	EndGlobalSection
EndGlobal
