
Microsoft Visual Studio Solution File, Format Version 12.00
# Visual Studio Version 16
VisualStudioVersion = 16.0.30128.74
MinimumVisualStudioVersion = 10.0.40219.1
Project("{FAE04EC0-301F-11D3-BF4B-00C04F79EFBC}") = "SoftUni", "SoftUni\SoftUni.csproj", "{B6609E08-33E4-40FD-912D-48DE7653BEEA}"
EndProject
Global
	GlobalSection(SolutionConfigurationPlatforms) = preSolution
		Debug|Any CPU = Debug|Any CPU
		Release|Any CPU = Release|Any CPU
	EndGlobalSection
	GlobalSection(ProjectConfigurationPlatforms) = postSolution
		{B6609E08-33E4-40FD-912D-48DE7653BEEA}.Debug|Any CPU.ActiveCfg = Debug|Any CPU
		{B6609E08-33E4-40FD-912D-48DE7653BEEA}.Debug|Any CPU.Build.0 = Debug|Any CPU
		{B6609E08-33E4-40FD-912D-48DE7653BEEA}.Release|Any CPU.ActiveCfg = Release|Any CPU
		{B6609E08-33E4-40FD-912D-48DE7653BEEA}.Release|Any CPU.Build.0 = Release|Any CPU
	EndGlobalSection
	GlobalSection(SolutionProperties) = preSolution
		HideSolutionNode = FALSE
	EndGlobalSection
	GlobalSection(ExtensibilityGlobals) = postSolution
		SolutionGuid = {2CDD1820-359C-4897-B004-7E8789C0814C}
	EndGlobalSection
EndGlobal
