
Microsoft Visual Studio Solution File, Format Version 12.00
# Visual Studio Version 16
VisualStudioVersion = 16.0.30128.74
MinimumVisualStudioVersion = 10.0.40219.1
Project("{FAE04EC0-301F-11D3-BF4B-00C04F79EFBC}") = "1. Old Books", "1. Old Books\1. Old Books.csproj", "{C5DB8085-BE25-4EE7-82F1-FB8B27B025E4}"
EndProject
Project("{FAE04EC0-301F-11D3-BF4B-00C04F79EFBC}") = "2. Exam Preparation", "2. Exam Preparation\2. Exam Preparation.csproj", "{21F41C83-87D2-443E-94BC-D648942BD77B}"
EndProject
Project("{FAE04EC0-301F-11D3-BF4B-00C04F79EFBC}") = "3. Vacation", "3. Vacation\3. Vacation.csproj", "{FC2937D7-3F58-40DC-8570-437DF01E5B79}"
EndProject
Project("{FAE04EC0-301F-11D3-BF4B-00C04F79EFBC}") = "4. Walking", "4. Walking\4. Walking.csproj", "{9C804B1E-8885-43CB-BF7F-3F81A0331066}"
EndProject
Global
	GlobalSection(SolutionConfigurationPlatforms) = preSolution
		Debug|Any CPU = Debug|Any CPU
		Release|Any CPU = Release|Any CPU
	EndGlobalSection
	GlobalSection(ProjectConfigurationPlatforms) = postSolution
		{C5DB8085-BE25-4EE7-82F1-FB8B27B025E4}.Debug|Any CPU.ActiveCfg = Debug|Any CPU
		{C5DB8085-BE25-4EE7-82F1-FB8B27B025E4}.Debug|Any CPU.Build.0 = Debug|Any CPU
		{C5DB8085-BE25-4EE7-82F1-FB8B27B025E4}.Release|Any CPU.ActiveCfg = Release|Any CPU
		{C5DB8085-BE25-4EE7-82F1-FB8B27B025E4}.Release|Any CPU.Build.0 = Release|Any CPU
		{21F41C83-87D2-443E-94BC-D648942BD77B}.Debug|Any CPU.ActiveCfg = Debug|Any CPU
		{21F41C83-87D2-443E-94BC-D648942BD77B}.Debug|Any CPU.Build.0 = Debug|Any CPU
		{21F41C83-87D2-443E-94BC-D648942BD77B}.Release|Any CPU.ActiveCfg = Release|Any CPU
		{21F41C83-87D2-443E-94BC-D648942BD77B}.Release|Any CPU.Build.0 = Release|Any CPU
		{FC2937D7-3F58-40DC-8570-437DF01E5B79}.Debug|Any CPU.ActiveCfg = Debug|Any CPU
		{FC2937D7-3F58-40DC-8570-437DF01E5B79}.Debug|Any CPU.Build.0 = Debug|Any CPU
		{FC2937D7-3F58-40DC-8570-437DF01E5B79}.Release|Any CPU.ActiveCfg = Release|Any CPU
		{FC2937D7-3F58-40DC-8570-437DF01E5B79}.Release|Any CPU.Build.0 = Release|Any CPU
		{9C804B1E-8885-43CB-BF7F-3F81A0331066}.Debug|Any CPU.ActiveCfg = Debug|Any CPU
		{9C804B1E-8885-43CB-BF7F-3F81A0331066}.Debug|Any CPU.Build.0 = Debug|Any CPU
		{9C804B1E-8885-43CB-BF7F-3F81A0331066}.Release|Any CPU.ActiveCfg = Release|Any CPU
		{9C804B1E-8885-43CB-BF7F-3F81A0331066}.Release|Any CPU.Build.0 = Release|Any CPU
	EndGlobalSection
	GlobalSection(SolutionProperties) = preSolution
		HideSolutionNode = FALSE
	EndGlobalSection
	GlobalSection(ExtensibilityGlobals) = postSolution
		SolutionGuid = {88F88F00-25E9-452F-99A1-21C86A3DADAD}
	EndGlobalSection
EndGlobal
