
Microsoft Visual Studio Solution File, Format Version 12.00
# Visual Studio Version 16
VisualStudioVersion = 16.0.30128.74
MinimumVisualStudioVersion = 10.0.40219.1
Project("{FAE04EC0-301F-11D3-BF4B-00C04F79EFBC}") = "1. Basic Stack Operations", "1. Basic Stack Operations\1. Basic Stack Operations.csproj", "{B3CECCB4-8426-44FF-BBDA-8D5099F9B4F9}"
EndProject
Project("{FAE04EC0-301F-11D3-BF4B-00C04F79EFBC}") = "2. Basic Queue Operations", "2. Basic Queue Operations\2. Basic Queue Operations.csproj", "{D4127B72-F218-435F-8BEF-1EBEEF8565B8}"
EndProject
Project("{FAE04EC0-301F-11D3-BF4B-00C04F79EFBC}") = "3. Maximum and Minimum Element", "3. Maximum and Minimum Element\3. Maximum and Minimum Element.csproj", "{F5AE669F-3DC8-45BF-904F-7A5535F01FF3}"
EndProject
Project("{FAE04EC0-301F-11D3-BF4B-00C04F79EFBC}") = "4. Fast Food", "4. Fast Food\4. Fast Food.csproj", "{7FBF3E1E-759A-4435-B2E0-4D1434049C2F}"
EndProject
Project("{FAE04EC0-301F-11D3-BF4B-00C04F79EFBC}") = "5. Fashion Boutique", "5. Fashion Boutique\5. Fashion Boutique.csproj", "{764FCE80-1538-4B39-BA47-1DA2F1C4345A}"
EndProject
Project("{FAE04EC0-301F-11D3-BF4B-00C04F79EFBC}") = "6. Songs Queue", "6. Songs Queue\6. Songs Queue.csproj", "{34CA7BC9-FFB0-4E44-98D2-A7BB5A3EE85C}"
EndProject
Project("{FAE04EC0-301F-11D3-BF4B-00C04F79EFBC}") = "7. Truck Tour", "7. Truck Tour\7. Truck Tour.csproj", "{CCE63350-54D3-4194-B038-9AC074DC8834}"
EndProject
Project("{FAE04EC0-301F-11D3-BF4B-00C04F79EFBC}") = "8. Balanced Parenthesis", "8. Balanced Parenthesis\8. Balanced Parenthesis.csproj", "{217B9573-A6C6-4A35-B35D-0CC9F3BBAB60}"
EndProject
Project("{FAE04EC0-301F-11D3-BF4B-00C04F79EFBC}") = "9. Simple Text Editor", "9. Simple Text Editor\9. Simple Text Editor.csproj", "{5A635434-1B1C-4F08-B1B7-60849C75C690}"
EndProject
Global
	GlobalSection(SolutionConfigurationPlatforms) = preSolution
		Debug|Any CPU = Debug|Any CPU
		Release|Any CPU = Release|Any CPU
	EndGlobalSection
	GlobalSection(ProjectConfigurationPlatforms) = postSolution
		{B3CECCB4-8426-44FF-BBDA-8D5099F9B4F9}.Debug|Any CPU.ActiveCfg = Debug|Any CPU
		{B3CECCB4-8426-44FF-BBDA-8D5099F9B4F9}.Debug|Any CPU.Build.0 = Debug|Any CPU
		{B3CECCB4-8426-44FF-BBDA-8D5099F9B4F9}.Release|Any CPU.ActiveCfg = Release|Any CPU
		{B3CECCB4-8426-44FF-BBDA-8D5099F9B4F9}.Release|Any CPU.Build.0 = Release|Any CPU
		{D4127B72-F218-435F-8BEF-1EBEEF8565B8}.Debug|Any CPU.ActiveCfg = Debug|Any CPU
		{D4127B72-F218-435F-8BEF-1EBEEF8565B8}.Debug|Any CPU.Build.0 = Debug|Any CPU
		{D4127B72-F218-435F-8BEF-1EBEEF8565B8}.Release|Any CPU.ActiveCfg = Release|Any CPU
		{D4127B72-F218-435F-8BEF-1EBEEF8565B8}.Release|Any CPU.Build.0 = Release|Any CPU
		{F5AE669F-3DC8-45BF-904F-7A5535F01FF3}.Debug|Any CPU.ActiveCfg = Debug|Any CPU
		{F5AE669F-3DC8-45BF-904F-7A5535F01FF3}.Debug|Any CPU.Build.0 = Debug|Any CPU
		{F5AE669F-3DC8-45BF-904F-7A5535F01FF3}.Release|Any CPU.ActiveCfg = Release|Any CPU
		{F5AE669F-3DC8-45BF-904F-7A5535F01FF3}.Release|Any CPU.Build.0 = Release|Any CPU
		{7FBF3E1E-759A-4435-B2E0-4D1434049C2F}.Debug|Any CPU.ActiveCfg = Debug|Any CPU
		{7FBF3E1E-759A-4435-B2E0-4D1434049C2F}.Debug|Any CPU.Build.0 = Debug|Any CPU
		{7FBF3E1E-759A-4435-B2E0-4D1434049C2F}.Release|Any CPU.ActiveCfg = Release|Any CPU
		{7FBF3E1E-759A-4435-B2E0-4D1434049C2F}.Release|Any CPU.Build.0 = Release|Any CPU
		{764FCE80-1538-4B39-BA47-1DA2F1C4345A}.Debug|Any CPU.ActiveCfg = Debug|Any CPU
		{764FCE80-1538-4B39-BA47-1DA2F1C4345A}.Debug|Any CPU.Build.0 = Debug|Any CPU
		{764FCE80-1538-4B39-BA47-1DA2F1C4345A}.Release|Any CPU.ActiveCfg = Release|Any CPU
		{764FCE80-1538-4B39-BA47-1DA2F1C4345A}.Release|Any CPU.Build.0 = Release|Any CPU
		{34CA7BC9-FFB0-4E44-98D2-A7BB5A3EE85C}.Debug|Any CPU.ActiveCfg = Debug|Any CPU
		{34CA7BC9-FFB0-4E44-98D2-A7BB5A3EE85C}.Debug|Any CPU.Build.0 = Debug|Any CPU
		{34CA7BC9-FFB0-4E44-98D2-A7BB5A3EE85C}.Release|Any CPU.ActiveCfg = Release|Any CPU
		{34CA7BC9-FFB0-4E44-98D2-A7BB5A3EE85C}.Release|Any CPU.Build.0 = Release|Any CPU
		{CCE63350-54D3-4194-B038-9AC074DC8834}.Debug|Any CPU.ActiveCfg = Debug|Any CPU
		{CCE63350-54D3-4194-B038-9AC074DC8834}.Debug|Any CPU.Build.0 = Debug|Any CPU
		{CCE63350-54D3-4194-B038-9AC074DC8834}.Release|Any CPU.ActiveCfg = Release|Any CPU
		{CCE63350-54D3-4194-B038-9AC074DC8834}.Release|Any CPU.Build.0 = Release|Any CPU
		{217B9573-A6C6-4A35-B35D-0CC9F3BBAB60}.Debug|Any CPU.ActiveCfg = Debug|Any CPU
		{217B9573-A6C6-4A35-B35D-0CC9F3BBAB60}.Debug|Any CPU.Build.0 = Debug|Any CPU
		{217B9573-A6C6-4A35-B35D-0CC9F3BBAB60}.Release|Any CPU.ActiveCfg = Release|Any CPU
		{217B9573-A6C6-4A35-B35D-0CC9F3BBAB60}.Release|Any CPU.Build.0 = Release|Any CPU
		{5A635434-1B1C-4F08-B1B7-60849C75C690}.Debug|Any CPU.ActiveCfg = Debug|Any CPU
		{5A635434-1B1C-4F08-B1B7-60849C75C690}.Debug|Any CPU.Build.0 = Debug|Any CPU
		{5A635434-1B1C-4F08-B1B7-60849C75C690}.Release|Any CPU.ActiveCfg = Release|Any CPU
		{5A635434-1B1C-4F08-B1B7-60849C75C690}.Release|Any CPU.Build.0 = Release|Any CPU
	EndGlobalSection
	GlobalSection(SolutionProperties) = preSolution
		HideSolutionNode = FALSE
	EndGlobalSection
	GlobalSection(ExtensibilityGlobals) = postSolution
		SolutionGuid = {258D1AC4-BA85-4BAB-947D-A7ADF939DA1C}
	EndGlobalSection
EndGlobal
